
Microsoft Visual Studio Solution File, Format Version 12.00
# Visual Studio Version 16
VisualStudioVersion = 16.0.31515.178
MinimumVisualStudioVersion = 10.0.40219.1
Project("{8BC9CEB8-8B4A-11D0-8D11-00A0C91BC942}") = "Project34", "Project34\Project34.vcxproj", "{ADB02805-B37C-41DF-BF17-CD691EDE3932}"
EndProject
Global
	GlobalSection(SolutionConfigurationPlatforms) = preSolution
		Debug|x64 = Debug|x64
		Debug|x86 = Debug|x86
		Release|x64 = Release|x64
		Release|x86 = Release|x86
	EndGlobalSection
	GlobalSection(ProjectConfigurationPlatforms) = postSolution
		{ADB02805-B37C-41DF-BF17-CD691EDE3932}.Debug|x64.ActiveCfg = Debug|x64
		{ADB02805-B37C-41DF-BF17-CD691EDE3932}.Debug|x64.Build.0 = Debug|x64
		{ADB02805-B37C-41DF-BF17-CD691EDE3932}.Debug|x86.ActiveCfg = Debug|Win32
		{ADB02805-B37C-41DF-BF17-CD691EDE3932}.Debug|x86.Build.0 = Debug|Win32
		{ADB02805-B37C-41DF-BF17-CD691EDE3932}.Release|x64.ActiveCfg = Release|x64
		{ADB02805-B37C-41DF-BF17-CD691EDE3932}.Release|x64.Build.0 = Release|x64
		{ADB02805-B37C-41DF-BF17-CD691EDE3932}.Release|x86.ActiveCfg = Release|Win32
		{ADB02805-B37C-41DF-BF17-CD691EDE3932}.Release|x86.Build.0 = Release|Win32
	EndGlobalSection
	GlobalSection(SolutionProperties) = preSolution
		HideSolutionNode = FALSE
	EndGlobalSection
	GlobalSection(ExtensibilityGlobals) = postSolution
		SolutionGuid = {51434A3A-33E5-4888-8073-D3534CF38B96}
	EndGlobalSection
EndGlobal
